
Microsoft Visual Studio Solution File, Format Version 12.00
# Visual Studio Version 17
VisualStudioVersion = 17.8.34511.84
MinimumVisualStudioVersion = 10.0.40219.1
Project("{FAE04EC0-301F-11D3-BF4B-00C04F79EFBC}") = "Lombard", "Lombard\Lombard.csproj", "{DA6EDEC8-C93A-4039-91E8-8F63AE4E9D48}"
EndProject
Global
	GlobalSection(SolutionConfigurationPlatforms) = preSolution
		Debug|Any CPU = Debug|Any CPU
		Release|Any CPU = Release|Any CPU
	EndGlobalSection
	GlobalSection(ProjectConfigurationPlatforms) = postSolution
		{DA6EDEC8-C93A-4039-91E8-8F63AE4E9D48}.Debug|Any CPU.ActiveCfg = Debug|Any CPU
		{DA6EDEC8-C93A-4039-91E8-8F63AE4E9D48}.Debug|Any CPU.Build.0 = Debug|Any CPU
		{DA6EDEC8-C93A-4039-91E8-8F63AE4E9D48}.Release|Any CPU.ActiveCfg = Release|Any CPU
		{DA6EDEC8-C93A-4039-91E8-8F63AE4E9D48}.Release|Any CPU.Build.0 = Release|Any CPU
	EndGlobalSection
	GlobalSection(SolutionProperties) = preSolution
		HideSolutionNode = FALSE
	EndGlobalSection
	GlobalSection(ExtensibilityGlobals) = postSolution
		SolutionGuid = {E2EA3628-AC4F-4340-BDCD-A490893DF0D9}
	EndGlobalSection
EndGlobal
